// !$*UTF8*$!
{
	archiveVersion = 1;
	classes = {
	};
	objectVersion = 56;
	objects = {

/* Begin PBXBuildFile section */
		62646A592BDC65A000BB2F12 /* NetworkAPI.swift in Sources */ = {isa = PBXBuildFile; fileRef = 62646A582BDC65A000BB2F12 /* NetworkAPI.swift */; };
		62646A5B2BDC65A800BB2F12 /* NetworkManager.swift in Sources */ = {isa = PBXBuildFile; fileRef = 62646A5A2BDC65A800BB2F12 /* NetworkManager.swift */; };
		6271D6C82BD2EF5000FF7576 /* PostDemoApp.swift in Sources */ = {isa = PBXBuildFile; fileRef = 6271D6C72BD2EF5000FF7576 /* PostDemoApp.swift */; };
		6271D6CC2BD2EF5100FF7576 /* Assets.xcassets in Resources */ = {isa = PBXBuildFile; fileRef = 6271D6CB2BD2EF5100FF7576 /* Assets.xcassets */; };
		6271D6CF2BD2EF5100FF7576 /* Preview Assets.xcassets in Resources */ = {isa = PBXBuildFile; fileRef = 6271D6CE2BD2EF5100FF7576 /* Preview Assets.xcassets */; };
		62A362A92BD304590067966E /* 4e7f0c83gy1gam2misv31j21hc0u016k.jpg in Resources */ = {isa = PBXBuildFile; fileRef = 62A362552BD304590067966E /* 4e7f0c83gy1gam2misv31j21hc0u016k.jpg */; };
		62A362AA2BD304590067966E /* 4e7f0c83gy1gam2mjhk8zj21hc0v6wnx.jpg in Resources */ = {isa = PBXBuildFile; fileRef = 62A362562BD304590067966E /* 4e7f0c83gy1gam2mjhk8zj21hc0v6wnx.jpg */; };
		62A362AB2BD304590067966E /* 4e7f0c83gy1gam2ml6nucj22tc240kjl.jpg in Resources */ = {isa = PBXBuildFile; fileRef = 62A362572BD304590067966E /* 4e7f0c83gy1gam2ml6nucj22tc240kjl.jpg */; };
		62A362AC2BD304590067966E /* 4e7f0c83gy1gam2mn58d3j22tc240qv5.jpg in Resources */ = {isa = PBXBuildFile; fileRef = 62A362582BD304590067966E /* 4e7f0c83gy1gam2mn58d3j22tc240qv5.jpg */; };
		62A362AD2BD304590067966E /* 4e7f0c83gy1gam2mp0x4pj22tc240u0x.jpg in Resources */ = {isa = PBXBuildFile; fileRef = 62A362592BD304590067966E /* 4e7f0c83gy1gam2mp0x4pj22tc240u0x.jpg */; };
		62A362AE2BD304590067966E /* 4e7f0c83gy1gam2mr1b81j22tc2407wi.jpg in Resources */ = {isa = PBXBuildFile; fileRef = 62A3625A2BD304590067966E /* 4e7f0c83gy1gam2mr1b81j22tc2407wi.jpg */; };
		62A362AF2BD304590067966E /* 4e7f0c83ly8g1ho507078j20ro0rojtq.jpg in Resources */ = {isa = PBXBuildFile; fileRef = 62A3625B2BD304590067966E /* 4e7f0c83ly8g1ho507078j20ro0rojtq.jpg */; };
		62A362B02BD304590067966E /* 005tnxzUly8gab4i2r73xj30u00u0js8.jpg in Resources */ = {isa = PBXBuildFile; fileRef = 62A3625C2BD304590067966E /* 005tnxzUly8gab4i2r73xj30u00u0js8.jpg */; };
		62A362B12BD304590067966E /* 6a2afec3gy1gaulykcejqj20t5145wns.jpg in Resources */ = {isa = PBXBuildFile; fileRef = 62A3625D2BD304590067966E /* 6a2afec3gy1gaulykcejqj20t5145wns.jpg */; };
		62A362B22BD304590067966E /* 6a2afec3jw8fb4ld0qf2gj20e80dsdfz.jpg in Resources */ = {isa = PBXBuildFile; fileRef = 62A3625E2BD304590067966E /* 6a2afec3jw8fb4ld0qf2gj20e80dsdfz.jpg */; };
		62A362B32BD304590067966E /* 6ec3b446gy1gavd4xud8lj20j60qkwj0.jpg in Resources */ = {isa = PBXBuildFile; fileRef = 62A3625F2BD304590067966E /* 6ec3b446gy1gavd4xud8lj20j60qkwj0.jpg */; };
		62A362B42BD304590067966E /* 6ec3b446gy1gavd51jc4lj20j60pmwhl.jpg in Resources */ = {isa = PBXBuildFile; fileRef = 62A362602BD304590067966E /* 6ec3b446gy1gavd51jc4lj20j60pmwhl.jpg */; };
		62A362B52BD304590067966E /* 6ec3b446gy1gavd523embj20j60pytd6.jpg in Resources */ = {isa = PBXBuildFile; fileRef = 62A362612BD304590067966E /* 6ec3b446gy1gavd523embj20j60pytd6.jpg */; };
		62A362B62BD304590067966E /* 6ec3b446jw1e8qgp5bmzyj2050050aa8.jpg in Resources */ = {isa = PBXBuildFile; fileRef = 62A362622BD304590067966E /* 6ec3b446jw1e8qgp5bmzyj2050050aa8.jpg */; };
		62A362B72BD304590067966E /* 006gWxMEly1gavap8dywoj30hs0bwq48.jpg in Resources */ = {isa = PBXBuildFile; fileRef = 62A362632BD304590067966E /* 006gWxMEly1gavap8dywoj30hs0bwq48.jpg */; };
		62A362B82BD304590067966E /* 006gWxMEly1gavap8vsqaj30hs0bwgm6.jpg in Resources */ = {isa = PBXBuildFile; fileRef = 62A362642BD304590067966E /* 006gWxMEly1gavap8vsqaj30hs0bwgm6.jpg */; };
		62A362B92BD304590067966E /* 006gWxMEly1gavap86qr9j30ht0qo40t.jpg in Resources */ = {isa = PBXBuildFile; fileRef = 62A362652BD304590067966E /* 006gWxMEly1gavap86qr9j30ht0qo40t.jpg */; };
		62A362BA2BD304590067966E /* 006gWxMEly1gavap88gttj30hs0a0dgf.jpg in Resources */ = {isa = PBXBuildFile; fileRef = 62A362662BD304590067966E /* 006gWxMEly1gavap88gttj30hs0a0dgf.jpg */; };
		62A362BB2BD304590067966E /* 006gWxMEly8g0bjpl3ynij30kv0kv773.jpg in Resources */ = {isa = PBXBuildFile; fileRef = 62A362672BD304590067966E /* 006gWxMEly8g0bjpl3ynij30kv0kv773.jpg */; };
		62A362BC2BD304590067966E /* 006PdkDogy1gap6ngiyn3j30u011idle.jpg in Resources */ = {isa = PBXBuildFile; fileRef = 62A362682BD304590067966E /* 006PdkDogy1gap6ngiyn3j30u011idle.jpg */; };
		62A362BD2BD304590067966E /* 006PdkDogy1gap6ngj12ej30u011itf7.jpg in Resources */ = {isa = PBXBuildFile; fileRef = 62A362692BD304590067966E /* 006PdkDogy1gap6ngj12ej30u011itf7.jpg */; };
		62A362BE2BD304590067966E /* 006PdkDoly8ffywe2fq39j304g04gwed.jpg in Resources */ = {isa = PBXBuildFile; fileRef = 62A3626A2BD304590067966E /* 006PdkDoly8ffywe2fq39j304g04gwed.jpg */; };
		62A362BF2BD304590067966E /* 7f9147a5ly1fzxlgxgzpij20e90fltsj.jpg in Resources */ = {isa = PBXBuildFile; fileRef = 62A3626B2BD304590067966E /* 7f9147a5ly1fzxlgxgzpij20e90fltsj.jpg */; };
		62A362C02BD304590067966E /* 7f9147a5ly1fzxlh4ovuej20e90fl4fo.jpg in Resources */ = {isa = PBXBuildFile; fileRef = 62A3626C2BD304590067966E /* 7f9147a5ly1fzxlh4ovuej20e90fl4fo.jpg */; };
		62A362C12BD304590067966E /* 7f9147a5ly1fzxlh6hzdnj20e90fl7me.jpg in Resources */ = {isa = PBXBuildFile; fileRef = 62A3626D2BD304590067966E /* 7f9147a5ly1fzxlh6hzdnj20e90fl7me.jpg */; };
		62A362C22BD304590067966E /* 8a0b5544gy1gauy2ex786j20u0129aed.jpg in Resources */ = {isa = PBXBuildFile; fileRef = 62A3626E2BD304590067966E /* 8a0b5544gy1gauy2ex786j20u0129aed.jpg */; };
		62A362C32BD304590067966E /* 8a0b5544gy1gauy2flua6j20u00hitab.jpg in Resources */ = {isa = PBXBuildFile; fileRef = 62A3626F2BD304590067966E /* 8a0b5544gy1gauy2flua6j20u00hitab.jpg */; };
		62A362C42BD304590067966E /* 8a0b5544gy1gauy2g35yoj20u00fomzf.jpg in Resources */ = {isa = PBXBuildFile; fileRef = 62A362702BD304590067966E /* 8a0b5544gy1gauy2g35yoj20u00fomzf.jpg */; };
		62A362C52BD304590067966E /* 8a0b5544gy1gauy2gmkg9j20u00gegnp.jpg in Resources */ = {isa = PBXBuildFile; fileRef = 62A362712BD304590067966E /* 8a0b5544gy1gauy2gmkg9j20u00gegnp.jpg */; };
		62A362C62BD304590067966E /* 8a0b5544gy1gauy2gz000j20u00n6wgj.jpg in Resources */ = {isa = PBXBuildFile; fileRef = 62A362722BD304590067966E /* 8a0b5544gy1gauy2gz000j20u00n6wgj.jpg */; };
		62A362C72BD304590067966E /* 8a0b5544gy1gauy2hcozsj20u01czdiy.jpg in Resources */ = {isa = PBXBuildFile; fileRef = 62A362732BD304590067966E /* 8a0b5544gy1gauy2hcozsj20u01czdiy.jpg */; };
		62A362C82BD304590067966E /* 8a0b5544jw1e8qgp5bmzyj2050050aa8.jpg in Resources */ = {isa = PBXBuildFile; fileRef = 62A362742BD304590067966E /* 8a0b5544jw1e8qgp5bmzyj2050050aa8.jpg */; };
		62A362C92BD304590067966E /* 9dc7402fgy1gavd37l9nwj20j60ny44q.jpg in Resources */ = {isa = PBXBuildFile; fileRef = 62A362752BD304590067966E /* 9dc7402fgy1gavd37l9nwj20j60ny44q.jpg */; };
		62A362CA2BD304590067966E /* 9dc7402fgy1gavd38kqjtj20j60nyn1d.jpg in Resources */ = {isa = PBXBuildFile; fileRef = 62A362762BD304590067966E /* 9dc7402fgy1gavd38kqjtj20j60nyn1d.jpg */; };
		62A362CB2BD304590067966E /* 9dc7402fgy1gavd38wwlrj20j60nyq6y.jpg in Resources */ = {isa = PBXBuildFile; fileRef = 62A362772BD304590067966E /* 9dc7402fgy1gavd38wwlrj20j60nyq6y.jpg */; };
		62A362CC2BD304590067966E /* 9dc7402fgy1gavd39ba15j20j60nywii.jpg in Resources */ = {isa = PBXBuildFile; fileRef = 62A362782BD304590067966E /* 9dc7402fgy1gavd39ba15j20j60nywii.jpg */; };
		62A362CD2BD304590067966E /* 9dc7402fgy1gavd367p0pj20j60nywic.jpg in Resources */ = {isa = PBXBuildFile; fileRef = 62A362792BD304590067966E /* 9dc7402fgy1gavd367p0pj20j60nywic.jpg */; };
		62A362CE2BD304590067966E /* 9dc7402fjw1e8qgp5bmzyj2050050aa8.jpg in Resources */ = {isa = PBXBuildFile; fileRef = 62A3627A2BD304590067966E /* 9dc7402fjw1e8qgp5bmzyj2050050aa8.jpg */; };
		62A362CF2BD304590067966E /* 648ed25bjw8est9nqrtnij20500503yr.jpg in Resources */ = {isa = PBXBuildFile; fileRef = 62A3627B2BD304590067966E /* 648ed25bjw8est9nqrtnij20500503yr.jpg */; };
		62A362D02BD304590067966E /* 700a34f6gy1gaunswwui7j20j60pl78e.jpg in Resources */ = {isa = PBXBuildFile; fileRef = 62A3627C2BD304590067966E /* 700a34f6gy1gaunswwui7j20j60pl78e.jpg */; };
		62A362D12BD304590067966E /* 700a34f6gy1gaunswxtlrj20j60pkgok.jpg in Resources */ = {isa = PBXBuildFile; fileRef = 62A3627D2BD304590067966E /* 700a34f6gy1gaunswxtlrj20j60pkgok.jpg */; };
		62A362D22BD304590067966E /* 700a34f6gy1gaunswy5qnj20j60pkadk.jpg in Resources */ = {isa = PBXBuildFile; fileRef = 62A3627E2BD304590067966E /* 700a34f6gy1gaunswy5qnj20j60pkadk.jpg */; };
		62A362D32BD304590067966E /* 700a34f6gy1gaunsx2jywj20j60pkaeu.jpg in Resources */ = {isa = PBXBuildFile; fileRef = 62A3627F2BD304590067966E /* 700a34f6gy1gaunsx2jywj20j60pkaeu.jpg */; };
		62A362D42BD304590067966E /* 700a34f6gy1gaunsxgzixj20j60edmz8.jpg in Resources */ = {isa = PBXBuildFile; fileRef = 62A362802BD304590067966E /* 700a34f6gy1gaunsxgzixj20j60edmz8.jpg */; };
		62A362D52BD304590067966E /* 700a34f6gy1gaunsxhp4pj20j60pkn1k.jpg in Resources */ = {isa = PBXBuildFile; fileRef = 62A362812BD304590067966E /* 700a34f6gy1gaunsxhp4pj20j60pkn1k.jpg */; };
		62A362D62BD304590067966E /* 700a34f6ly8g9a29rjt92j20fn0iqdg8.jpg in Resources */ = {isa = PBXBuildFile; fileRef = 62A362822BD304590067966E /* 700a34f6ly8g9a29rjt92j20fn0iqdg8.jpg */; };
		62A362D72BD304590067966E /* 8697cf1ely8gashxj3b09j20u00u040v.jpg in Resources */ = {isa = PBXBuildFile; fileRef = 62A362832BD304590067966E /* 8697cf1ely8gashxj3b09j20u00u040v.jpg */; };
		62A362D82BD304590067966E /* 630584a6gy1gau54zgaxhj20m80et0vq.jpg in Resources */ = {isa = PBXBuildFile; fileRef = 62A362842BD304590067966E /* 630584a6gy1gau54zgaxhj20m80et0vq.jpg */; };
		62A362D92BD304590067966E /* 630584a6gy1gau54zl806j20m80etmzo.jpg in Resources */ = {isa = PBXBuildFile; fileRef = 62A362852BD304590067966E /* 630584a6gy1gau54zl806j20m80etmzo.jpg */; };
		62A362DA2BD304590067966E /* 630584a6gy1gau54zm4dtj20m80dftbv.jpg in Resources */ = {isa = PBXBuildFile; fileRef = 62A362862BD304590067966E /* 630584a6gy1gau54zm4dtj20m80dftbv.jpg */; };
		62A362DB2BD304590067966E /* 630584a6gy1gau54zyj61j20m80etn07.jpg in Resources */ = {isa = PBXBuildFile; fileRef = 62A362872BD304590067966E /* 630584a6gy1gau54zyj61j20m80etn07.jpg */; };
		62A362DC2BD304590067966E /* 630584a6ly8fqs5wwkkmrj20ku0kuta7.jpg in Resources */ = {isa = PBXBuildFile; fileRef = 62A362882BD304590067966E /* 630584a6ly8fqs5wwkkmrj20ku0kuta7.jpg */; };
		62A362DD2BD304590067966E /* 76297935ly1gatz8g5rvxj22c03401kz.jpg in Resources */ = {isa = PBXBuildFile; fileRef = 62A362892BD304590067966E /* 76297935ly1gatz8g5rvxj22c03401kz.jpg */; };
		62A362DE2BD304590067966E /* 76297935ly1gatz8k5itij22c02c01ky.jpg in Resources */ = {isa = PBXBuildFile; fileRef = 62A3628A2BD304590067966E /* 76297935ly1gatz8k5itij22c02c01ky.jpg */; };
		62A362DF2BD304590067966E /* 76297935ly1gatz8obqvkj22c0340npe.jpg in Resources */ = {isa = PBXBuildFile; fileRef = 62A3628B2BD304590067966E /* 76297935ly1gatz8obqvkj22c0340npe.jpg */; };
		62A362E02BD304590067966E /* 76297935ly1gatz89dzblj23402c0qv6.jpg in Resources */ = {isa = PBXBuildFile; fileRef = 62A3628C2BD304590067966E /* 76297935ly1gatz89dzblj23402c0qv6.jpg */; };
		62A362E12BD304590067966E /* 76297935ly8g4phfkq68hj20u00u0mzt.jpg in Resources */ = {isa = PBXBuildFile; fileRef = 62A3628D2BD304590067966E /* 76297935ly8g4phfkq68hj20u00u0mzt.jpg */; };
		62A362E22BD304590067966E /* bca7fdafgw1ekhkps65b1j2050050dg4.jpg in Resources */ = {isa = PBXBuildFile; fileRef = 62A3628E2BD304590067966E /* bca7fdafgw1ekhkps65b1j2050050dg4.jpg */; };
		62A362E32BD304590067966E /* bca7fdafly1gax1gqd9vmj20c80ayaam.jpg in Resources */ = {isa = PBXBuildFile; fileRef = 62A3628F2BD304590067966E /* bca7fdafly1gax1gqd9vmj20c80ayaam.jpg */; };
		62A362E42BD304590067966E /* bca7fdafly1gax1gqdg6qj20c80avdgl.jpg in Resources */ = {isa = PBXBuildFile; fileRef = 62A362902BD304590067966E /* bca7fdafly1gax1gqdg6qj20c80avdgl.jpg */; };
		62A362E52BD304590067966E /* bca7fdafly1gax1gqdhouj20c80axaam.jpg in Resources */ = {isa = PBXBuildFile; fileRef = 62A362912BD304590067966E /* bca7fdafly1gax1gqdhouj20c80axaam.jpg */; };
		62A362E62BD304590067966E /* bca7fdafly1gax1gqdnboj20c80atmxp.jpg in Resources */ = {isa = PBXBuildFile; fileRef = 62A362922BD304590067966E /* bca7fdafly1gax1gqdnboj20c80atmxp.jpg */; };
		62A362E72BD304590067966E /* bca7fdafly1gax1gqehdaj20c80atq3x.jpg in Resources */ = {isa = PBXBuildFile; fileRef = 62A362932BD304590067966E /* bca7fdafly1gax1gqehdaj20c80atq3x.jpg */; };
		62A362E82BD304590067966E /* bca7fdafly1gax1gqfgsjj20c80axaay.jpg in Resources */ = {isa = PBXBuildFile; fileRef = 62A362942BD304590067966E /* bca7fdafly1gax1gqfgsjj20c80axaay.jpg */; };
		62A362E92BD304590067966E /* c5aa834fgy1gauzr6venkj20u01hc12f.jpg in Resources */ = {isa = PBXBuildFile; fileRef = 62A362952BD304590067966E /* c5aa834fgy1gauzr6venkj20u01hc12f.jpg */; };
		62A362EA2BD304590067966E /* c5aa834fgy1gauzr8ok78j20tz12fk8w.jpg in Resources */ = {isa = PBXBuildFile; fileRef = 62A362962BD304590067966E /* c5aa834fgy1gauzr8ok78j20tz12fk8w.jpg */; };
		62A362EB2BD304590067966E /* c5aa834fgy1gauzr86bp5j20pb0w47in.jpg in Resources */ = {isa = PBXBuildFile; fileRef = 62A362972BD304590067966E /* c5aa834fgy1gauzr86bp5j20pb0w47in.jpg */; };
		62A362EC2BD304590067966E /* c5aa834fgy1gauzr95r6fj20tw0l3dq4.jpg in Resources */ = {isa = PBXBuildFile; fileRef = 62A362982BD304590067966E /* c5aa834fgy1gauzr95r6fj20tw0l3dq4.jpg */; };
		62A362ED2BD304590067966E /* c5aa834fgy1gauzrb7s5ej20tz13qh5x.jpg in Resources */ = {isa = PBXBuildFile; fileRef = 62A362992BD304590067966E /* c5aa834fgy1gauzrb7s5ej20tz13qh5x.jpg */; };
		62A362EE2BD304590067966E /* c5aa834fly8g97m8ix9lcj20re0regnk.jpg in Resources */ = {isa = PBXBuildFile; fileRef = 62A3629A2BD304590067966E /* c5aa834fly8g97m8ix9lcj20re0regnk.jpg */; };
		62A362EF2BD304590067966E /* d0c21786ly1gavj2btv6tj20c80790tg.jpg in Resources */ = {isa = PBXBuildFile; fileRef = 62A3629B2BD304590067966E /* d0c21786ly1gavj2btv6tj20c80790tg.jpg */; };
		62A362F02BD304590067966E /* d0c21786ly1gavj2c0kcej20c8096dh7.jpg in Resources */ = {isa = PBXBuildFile; fileRef = 62A3629C2BD304590067966E /* d0c21786ly1gavj2c0kcej20c8096dh7.jpg */; };
		62A362F12BD304590067966E /* d0c21786ly1gavj2cdrkyj20c80720tg.jpg in Resources */ = {isa = PBXBuildFile; fileRef = 62A3629D2BD304590067966E /* d0c21786ly1gavj2cdrkyj20c80720tg.jpg */; };
		62A362F22BD304590067966E /* d0c21786ly1gavj2cowp9j20c8083ab4.jpg in Resources */ = {isa = PBXBuildFile; fileRef = 62A3629E2BD304590067966E /* d0c21786ly1gavj2cowp9j20c8083ab4.jpg */; };
		62A362F32BD304590067966E /* d0c21786ly1gavj2d17d9j20c808zq3r.jpg in Resources */ = {isa = PBXBuildFile; fileRef = 62A3629F2BD304590067966E /* d0c21786ly1gavj2d17d9j20c808zq3r.jpg */; };
		62A362F42BD304590067966E /* d0c21786ly8fsax1ftiifj20ro0ro43g.jpg in Resources */ = {isa = PBXBuildFile; fileRef = 62A362A02BD304590067966E /* d0c21786ly8fsax1ftiifj20ro0ro43g.jpg */; };
		62A362F52BD304590067966E /* eb5c94aegy1gav25n5ibjj20zk1h8wuu.jpg in Resources */ = {isa = PBXBuildFile; fileRef = 62A362A12BD304590067966E /* eb5c94aegy1gav25n5ibjj20zk1h8wuu.jpg */; };
		62A362F62BD304590067966E /* eb5c94aegy1gav25ox6dvj20u00k1go9.jpg in Resources */ = {isa = PBXBuildFile; fileRef = 62A362A22BD304590067966E /* eb5c94aegy1gav25ox6dvj20u00k1go9.jpg */; };
		62A362F72BD304590067966E /* eb5c94aegy1gav26fycwlj20zk1h8drh.jpg in Resources */ = {isa = PBXBuildFile; fileRef = 62A362A32BD304590067966E /* eb5c94aegy1gav26fycwlj20zk1h8drh.jpg */; };
		62A362F82BD304590067966E /* eb5c94aegy1gav2509cp5j20zk0k0n2j.jpg in Resources */ = {isa = PBXBuildFile; fileRef = 62A362A42BD304590067966E /* eb5c94aegy1gav2509cp5j20zk0k0n2j.jpg */; };
		62A362F92BD304590067966E /* eb5c94aely8fmvumnl9baj20v90v9q49.jpg in Resources */ = {isa = PBXBuildFile; fileRef = 62A362A52BD304590067966E /* eb5c94aely8fmvumnl9baj20v90v9q49.jpg */; };
		62A362FA2BD304590067966E /* PostListData_hot_1.json in Resources */ = {isa = PBXBuildFile; fileRef = 62A362A62BD304590067966E /* PostListData_hot_1.json */; };
		62A362FB2BD304590067966E /* PostListData_recommend_1.json in Resources */ = {isa = PBXBuildFile; fileRef = 62A362A72BD304590067966E /* PostListData_recommend_1.json */; };
		62A362FD2BD307E70067966E /* PostVIPBadge.swift in Sources */ = {isa = PBXBuildFile; fileRef = 62A362FC2BD307E70067966E /* PostVIPBadge.swift */; };
		62A362FF2BD30B1B0067966E /* Post.swift in Sources */ = {isa = PBXBuildFile; fileRef = 62A362FE2BD30B1B0067966E /* Post.swift */; };
		62A363012BD310C00067966E /* PostCell.swift in Sources */ = {isa = PBXBuildFile; fileRef = 62A363002BD310C00067966E /* PostCell.swift */; };
		62A363052BD31EEC0067966E /* PostCellToolBarButton.swift in Sources */ = {isa = PBXBuildFile; fileRef = 62A363042BD31EEC0067966E /* PostCellToolBarButton.swift */; };
		62A363072BD3327C0067966E /* PostListView.swift in Sources */ = {isa = PBXBuildFile; fileRef = 62A363062BD3327C0067966E /* PostListView.swift */; };
		62A363092BD33E350067966E /* PostImageCell.swift in Sources */ = {isa = PBXBuildFile; fileRef = 62A363082BD33E350067966E /* PostImageCell.swift */; };
		62A3630B2BD708880067966E /* PostDetailView.swift in Sources */ = {isa = PBXBuildFile; fileRef = 62A3630A2BD708880067966E /* PostDetailView.swift */; };
		62A3630D2BD70BAA0067966E /* HomeNavigationBar.swift in Sources */ = {isa = PBXBuildFile; fileRef = 62A3630C2BD70BAA0067966E /* HomeNavigationBar.swift */; };
		62A363112BD7250B0067966E /* HomeView.swift in Sources */ = {isa = PBXBuildFile; fileRef = 62A363102BD7250B0067966E /* HomeView.swift */; };
		62A363132BD72B910067966E /* UserData.swift in Sources */ = {isa = PBXBuildFile; fileRef = 62A363122BD72B910067966E /* UserData.swift */; };
		62A363152BD736DF0067966E /* HScrollViewController.swift in Sources */ = {isa = PBXBuildFile; fileRef = 62A363142BD736DF0067966E /* HScrollViewController.swift */; };
		62A363172BD838450067966E /* CommentInputView.swift in Sources */ = {isa = PBXBuildFile; fileRef = 62A363162BD838450067966E /* CommentInputView.swift */; };
		62A363192BD876D30067966E /* CommentTextView.swift in Sources */ = {isa = PBXBuildFile; fileRef = 62A363182BD876D30067966E /* CommentTextView.swift */; };
		62A3631F2BDB3A280067966E /* BBSwiftUIKit in Frameworks */ = {isa = PBXBuildFile; productRef = 62A3631E2BDB3A280067966E /* BBSwiftUIKit */; };
		62A363212BDB3BBD0067966E /* OriginalButtonStyle.swift in Sources */ = {isa = PBXBuildFile; fileRef = 62A363202BDB3BBD0067966E /* OriginalButtonStyle.swift */; };
		62A363242BDC63D10067966E /* Alamofire in Frameworks */ = {isa = PBXBuildFile; productRef = 62A363232BDC63D10067966E /* Alamofire */; };
		62A363262BDC63D10067966E /* AlamofireDynamic in Frameworks */ = {isa = PBXBuildFile; productRef = 62A363252BDC63D10067966E /* AlamofireDynamic */; };
/* End PBXBuildFile section */

/* Begin PBXFileReference section */
		62646A582BDC65A000BB2F12 /* NetworkAPI.swift */ = {isa = PBXFileReference; fileEncoding = 4; lastKnownFileType = sourcecode.swift; path = NetworkAPI.swift; sourceTree = "<group>"; };
		62646A5A2BDC65A800BB2F12 /* NetworkManager.swift */ = {isa = PBXFileReference; fileEncoding = 4; lastKnownFileType = sourcecode.swift; path = NetworkManager.swift; sourceTree = "<group>"; };
		6271D6C42BD2EF5000FF7576 /* PostDemo.app */ = {isa = PBXFileReference; explicitFileType = wrapper.application; includeInIndex = 0; path = PostDemo.app; sourceTree = BUILT_PRODUCTS_DIR; };
		6271D6C72BD2EF5000FF7576 /* PostDemoApp.swift */ = {isa = PBXFileReference; lastKnownFileType = sourcecode.swift; path = PostDemoApp.swift; sourceTree = "<group>"; };
		6271D6CB2BD2EF5100FF7576 /* Assets.xcassets */ = {isa = PBXFileReference; lastKnownFileType = folder.assetcatalog; path = Assets.xcassets; sourceTree = "<group>"; };
		6271D6CE2BD2EF5100FF7576 /* Preview Assets.xcassets */ = {isa = PBXFileReference; lastKnownFileType = folder.assetcatalog; path = "Preview Assets.xcassets"; sourceTree = "<group>"; };
		62A362552BD304590067966E /* 4e7f0c83gy1gam2misv31j21hc0u016k.jpg */ = {isa = PBXFileReference; lastKnownFileType = image.jpeg; path = 4e7f0c83gy1gam2misv31j21hc0u016k.jpg; sourceTree = "<group>"; };
		62A362562BD304590067966E /* 4e7f0c83gy1gam2mjhk8zj21hc0v6wnx.jpg */ = {isa = PBXFileReference; lastKnownFileType = image.jpeg; path = 4e7f0c83gy1gam2mjhk8zj21hc0v6wnx.jpg; sourceTree = "<group>"; };
		62A362572BD304590067966E /* 4e7f0c83gy1gam2ml6nucj22tc240kjl.jpg */ = {isa = PBXFileReference; lastKnownFileType = image.jpeg; path = 4e7f0c83gy1gam2ml6nucj22tc240kjl.jpg; sourceTree = "<group>"; };
		62A362582BD304590067966E /* 4e7f0c83gy1gam2mn58d3j22tc240qv5.jpg */ = {isa = PBXFileReference; lastKnownFileType = image.jpeg; path = 4e7f0c83gy1gam2mn58d3j22tc240qv5.jpg; sourceTree = "<group>"; };
		62A362592BD304590067966E /* 4e7f0c83gy1gam2mp0x4pj22tc240u0x.jpg */ = {isa = PBXFileReference; lastKnownFileType = image.jpeg; path = 4e7f0c83gy1gam2mp0x4pj22tc240u0x.jpg; sourceTree = "<group>"; };
		62A3625A2BD304590067966E /* 4e7f0c83gy1gam2mr1b81j22tc2407wi.jpg */ = {isa = PBXFileReference; lastKnownFileType = image.jpeg; path = 4e7f0c83gy1gam2mr1b81j22tc2407wi.jpg; sourceTree = "<group>"; };
		62A3625B2BD304590067966E /* 4e7f0c83ly8g1ho507078j20ro0rojtq.jpg */ = {isa = PBXFileReference; lastKnownFileType = image.jpeg; path = 4e7f0c83ly8g1ho507078j20ro0rojtq.jpg; sourceTree = "<group>"; };
		62A3625C2BD304590067966E /* 005tnxzUly8gab4i2r73xj30u00u0js8.jpg */ = {isa = PBXFileReference; lastKnownFileType = image.jpeg; path = 005tnxzUly8gab4i2r73xj30u00u0js8.jpg; sourceTree = "<group>"; };
		62A3625D2BD304590067966E /* 6a2afec3gy1gaulykcejqj20t5145wns.jpg */ = {isa = PBXFileReference; lastKnownFileType = image.jpeg; path = 6a2afec3gy1gaulykcejqj20t5145wns.jpg; sourceTree = "<group>"; };
		62A3625E2BD304590067966E /* 6a2afec3jw8fb4ld0qf2gj20e80dsdfz.jpg */ = {isa = PBXFileReference; lastKnownFileType = image.jpeg; path = 6a2afec3jw8fb4ld0qf2gj20e80dsdfz.jpg; sourceTree = "<group>"; };
		62A3625F2BD304590067966E /* 6ec3b446gy1gavd4xud8lj20j60qkwj0.jpg */ = {isa = PBXFileReference; lastKnownFileType = image.jpeg; path = 6ec3b446gy1gavd4xud8lj20j60qkwj0.jpg; sourceTree = "<group>"; };
		62A362602BD304590067966E /* 6ec3b446gy1gavd51jc4lj20j60pmwhl.jpg */ = {isa = PBXFileReference; lastKnownFileType = image.jpeg; path = 6ec3b446gy1gavd51jc4lj20j60pmwhl.jpg; sourceTree = "<group>"; };
		62A362612BD304590067966E /* 6ec3b446gy1gavd523embj20j60pytd6.jpg */ = {isa = PBXFileReference; lastKnownFileType = image.jpeg; path = 6ec3b446gy1gavd523embj20j60pytd6.jpg; sourceTree = "<group>"; };
		62A362622BD304590067966E /* 6ec3b446jw1e8qgp5bmzyj2050050aa8.jpg */ = {isa = PBXFileReference; lastKnownFileType = image.jpeg; path = 6ec3b446jw1e8qgp5bmzyj2050050aa8.jpg; sourceTree = "<group>"; };
		62A362632BD304590067966E /* 006gWxMEly1gavap8dywoj30hs0bwq48.jpg */ = {isa = PBXFileReference; lastKnownFileType = image.jpeg; path = 006gWxMEly1gavap8dywoj30hs0bwq48.jpg; sourceTree = "<group>"; };
		62A362642BD304590067966E /* 006gWxMEly1gavap8vsqaj30hs0bwgm6.jpg */ = {isa = PBXFileReference; lastKnownFileType = image.jpeg; path = 006gWxMEly1gavap8vsqaj30hs0bwgm6.jpg; sourceTree = "<group>"; };
		62A362652BD304590067966E /* 006gWxMEly1gavap86qr9j30ht0qo40t.jpg */ = {isa = PBXFileReference; lastKnownFileType = image.jpeg; path = 006gWxMEly1gavap86qr9j30ht0qo40t.jpg; sourceTree = "<group>"; };
		62A362662BD304590067966E /* 006gWxMEly1gavap88gttj30hs0a0dgf.jpg */ = {isa = PBXFileReference; lastKnownFileType = image.jpeg; path = 006gWxMEly1gavap88gttj30hs0a0dgf.jpg; sourceTree = "<group>"; };
		62A362672BD304590067966E /* 006gWxMEly8g0bjpl3ynij30kv0kv773.jpg */ = {isa = PBXFileReference; lastKnownFileType = image.jpeg; path = 006gWxMEly8g0bjpl3ynij30kv0kv773.jpg; sourceTree = "<group>"; };
		62A362682BD304590067966E /* 006PdkDogy1gap6ngiyn3j30u011idle.jpg */ = {isa = PBXFileReference; lastKnownFileType = image.jpeg; path = 006PdkDogy1gap6ngiyn3j30u011idle.jpg; sourceTree = "<group>"; };
		62A362692BD304590067966E /* 006PdkDogy1gap6ngj12ej30u011itf7.jpg */ = {isa = PBXFileReference; lastKnownFileType = image.jpeg; path = 006PdkDogy1gap6ngj12ej30u011itf7.jpg; sourceTree = "<group>"; };
		62A3626A2BD304590067966E /* 006PdkDoly8ffywe2fq39j304g04gwed.jpg */ = {isa = PBXFileReference; lastKnownFileType = image.jpeg; path = 006PdkDoly8ffywe2fq39j304g04gwed.jpg; sourceTree = "<group>"; };
		62A3626B2BD304590067966E /* 7f9147a5ly1fzxlgxgzpij20e90fltsj.jpg */ = {isa = PBXFileReference; lastKnownFileType = image.jpeg; path = 7f9147a5ly1fzxlgxgzpij20e90fltsj.jpg; sourceTree = "<group>"; };
		62A3626C2BD304590067966E /* 7f9147a5ly1fzxlh4ovuej20e90fl4fo.jpg */ = {isa = PBXFileReference; lastKnownFileType = image.jpeg; path = 7f9147a5ly1fzxlh4ovuej20e90fl4fo.jpg; sourceTree = "<group>"; };
		62A3626D2BD304590067966E /* 7f9147a5ly1fzxlh6hzdnj20e90fl7me.jpg */ = {isa = PBXFileReference; lastKnownFileType = image.jpeg; path = 7f9147a5ly1fzxlh6hzdnj20e90fl7me.jpg; sourceTree = "<group>"; };
		62A3626E2BD304590067966E /* 8a0b5544gy1gauy2ex786j20u0129aed.jpg */ = {isa = PBXFileReference; lastKnownFileType = image.jpeg; path = 8a0b5544gy1gauy2ex786j20u0129aed.jpg; sourceTree = "<group>"; };
		62A3626F2BD304590067966E /* 8a0b5544gy1gauy2flua6j20u00hitab.jpg */ = {isa = PBXFileReference; lastKnownFileType = image.jpeg; path = 8a0b5544gy1gauy2flua6j20u00hitab.jpg; sourceTree = "<group>"; };
		62A362702BD304590067966E /* 8a0b5544gy1gauy2g35yoj20u00fomzf.jpg */ = {isa = PBXFileReference; lastKnownFileType = image.jpeg; path = 8a0b5544gy1gauy2g35yoj20u00fomzf.jpg; sourceTree = "<group>"; };
		62A362712BD304590067966E /* 8a0b5544gy1gauy2gmkg9j20u00gegnp.jpg */ = {isa = PBXFileReference; lastKnownFileType = image.jpeg; path = 8a0b5544gy1gauy2gmkg9j20u00gegnp.jpg; sourceTree = "<group>"; };
		62A362722BD304590067966E /* 8a0b5544gy1gauy2gz000j20u00n6wgj.jpg */ = {isa = PBXFileReference; lastKnownFileType = image.jpeg; path = 8a0b5544gy1gauy2gz000j20u00n6wgj.jpg; sourceTree = "<group>"; };
		62A362732BD304590067966E /* 8a0b5544gy1gauy2hcozsj20u01czdiy.jpg */ = {isa = PBXFileReference; lastKnownFileType = image.jpeg; path = 8a0b5544gy1gauy2hcozsj20u01czdiy.jpg; sourceTree = "<group>"; };
		62A362742BD304590067966E /* 8a0b5544jw1e8qgp5bmzyj2050050aa8.jpg */ = {isa = PBXFileReference; lastKnownFileType = image.jpeg; path = 8a0b5544jw1e8qgp5bmzyj2050050aa8.jpg; sourceTree = "<group>"; };
		62A362752BD304590067966E /* 9dc7402fgy1gavd37l9nwj20j60ny44q.jpg */ = {isa = PBXFileReference; lastKnownFileType = image.jpeg; path = 9dc7402fgy1gavd37l9nwj20j60ny44q.jpg; sourceTree = "<group>"; };
		62A362762BD304590067966E /* 9dc7402fgy1gavd38kqjtj20j60nyn1d.jpg */ = {isa = PBXFileReference; lastKnownFileType = image.jpeg; path = 9dc7402fgy1gavd38kqjtj20j60nyn1d.jpg; sourceTree = "<group>"; };
		62A362772BD304590067966E /* 9dc7402fgy1gavd38wwlrj20j60nyq6y.jpg */ = {isa = PBXFileReference; lastKnownFileType = image.jpeg; path = 9dc7402fgy1gavd38wwlrj20j60nyq6y.jpg; sourceTree = "<group>"; };
		62A362782BD304590067966E /* 9dc7402fgy1gavd39ba15j20j60nywii.jpg */ = {isa = PBXFileReference; lastKnownFileType = image.jpeg; path = 9dc7402fgy1gavd39ba15j20j60nywii.jpg; sourceTree = "<group>"; };
		62A362792BD304590067966E /* 9dc7402fgy1gavd367p0pj20j60nywic.jpg */ = {isa = PBXFileReference; lastKnownFileType = image.jpeg; path = 9dc7402fgy1gavd367p0pj20j60nywic.jpg; sourceTree = "<group>"; };
		62A3627A2BD304590067966E /* 9dc7402fjw1e8qgp5bmzyj2050050aa8.jpg */ = {isa = PBXFileReference; lastKnownFileType = image.jpeg; path = 9dc7402fjw1e8qgp5bmzyj2050050aa8.jpg; sourceTree = "<group>"; };
		62A3627B2BD304590067966E /* 648ed25bjw8est9nqrtnij20500503yr.jpg */ = {isa = PBXFileReference; lastKnownFileType = image.jpeg; path = 648ed25bjw8est9nqrtnij20500503yr.jpg; sourceTree = "<group>"; };
		62A3627C2BD304590067966E /* 700a34f6gy1gaunswwui7j20j60pl78e.jpg */ = {isa = PBXFileReference; lastKnownFileType = image.jpeg; path = 700a34f6gy1gaunswwui7j20j60pl78e.jpg; sourceTree = "<group>"; };
		62A3627D2BD304590067966E /* 700a34f6gy1gaunswxtlrj20j60pkgok.jpg */ = {isa = PBXFileReference; lastKnownFileType = image.jpeg; path = 700a34f6gy1gaunswxtlrj20j60pkgok.jpg; sourceTree = "<group>"; };
		62A3627E2BD304590067966E /* 700a34f6gy1gaunswy5qnj20j60pkadk.jpg */ = {isa = PBXFileReference; lastKnownFileType = image.jpeg; path = 700a34f6gy1gaunswy5qnj20j60pkadk.jpg; sourceTree = "<group>"; };
		62A3627F2BD304590067966E /* 700a34f6gy1gaunsx2jywj20j60pkaeu.jpg */ = {isa = PBXFileReference; lastKnownFileType = image.jpeg; path = 700a34f6gy1gaunsx2jywj20j60pkaeu.jpg; sourceTree = "<group>"; };
		62A362802BD304590067966E /* 700a34f6gy1gaunsxgzixj20j60edmz8.jpg */ = {isa = PBXFileReference; lastKnownFileType = image.jpeg; path = 700a34f6gy1gaunsxgzixj20j60edmz8.jpg; sourceTree = "<group>"; };
		62A362812BD304590067966E /* 700a34f6gy1gaunsxhp4pj20j60pkn1k.jpg */ = {isa = PBXFileReference; lastKnownFileType = image.jpeg; path = 700a34f6gy1gaunsxhp4pj20j60pkn1k.jpg; sourceTree = "<group>"; };
		62A362822BD304590067966E /* 700a34f6ly8g9a29rjt92j20fn0iqdg8.jpg */ = {isa = PBXFileReference; lastKnownFileType = image.jpeg; path = 700a34f6ly8g9a29rjt92j20fn0iqdg8.jpg; sourceTree = "<group>"; };
		62A362832BD304590067966E /* 8697cf1ely8gashxj3b09j20u00u040v.jpg */ = {isa = PBXFileReference; lastKnownFileType = image.jpeg; path = 8697cf1ely8gashxj3b09j20u00u040v.jpg; sourceTree = "<group>"; };
		62A362842BD304590067966E /* 630584a6gy1gau54zgaxhj20m80et0vq.jpg */ = {isa = PBXFileReference; lastKnownFileType = image.jpeg; path = 630584a6gy1gau54zgaxhj20m80et0vq.jpg; sourceTree = "<group>"; };
		62A362852BD304590067966E /* 630584a6gy1gau54zl806j20m80etmzo.jpg */ = {isa = PBXFileReference; lastKnownFileType = image.jpeg; path = 630584a6gy1gau54zl806j20m80etmzo.jpg; sourceTree = "<group>"; };
		62A362862BD304590067966E /* 630584a6gy1gau54zm4dtj20m80dftbv.jpg */ = {isa = PBXFileReference; lastKnownFileType = image.jpeg; path = 630584a6gy1gau54zm4dtj20m80dftbv.jpg; sourceTree = "<group>"; };
		62A362872BD304590067966E /* 630584a6gy1gau54zyj61j20m80etn07.jpg */ = {isa = PBXFileReference; lastKnownFileType = image.jpeg; path = 630584a6gy1gau54zyj61j20m80etn07.jpg; sourceTree = "<group>"; };
		62A362882BD304590067966E /* 630584a6ly8fqs5wwkkmrj20ku0kuta7.jpg */ = {isa = PBXFileReference; lastKnownFileType = image.jpeg; path = 630584a6ly8fqs5wwkkmrj20ku0kuta7.jpg; sourceTree = "<group>"; };
		62A362892BD304590067966E /* 76297935ly1gatz8g5rvxj22c03401kz.jpg */ = {isa = PBXFileReference; lastKnownFileType = image.jpeg; path = 76297935ly1gatz8g5rvxj22c03401kz.jpg; sourceTree = "<group>"; };
		62A3628A2BD304590067966E /* 76297935ly1gatz8k5itij22c02c01ky.jpg */ = {isa = PBXFileReference; lastKnownFileType = image.jpeg; path = 76297935ly1gatz8k5itij22c02c01ky.jpg; sourceTree = "<group>"; };
		62A3628B2BD304590067966E /* 76297935ly1gatz8obqvkj22c0340npe.jpg */ = {isa = PBXFileReference; lastKnownFileType = image.jpeg; path = 76297935ly1gatz8obqvkj22c0340npe.jpg; sourceTree = "<group>"; };
		62A3628C2BD304590067966E /* 76297935ly1gatz89dzblj23402c0qv6.jpg */ = {isa = PBXFileReference; lastKnownFileType = image.jpeg; path = 76297935ly1gatz89dzblj23402c0qv6.jpg; sourceTree = "<group>"; };
		62A3628D2BD304590067966E /* 76297935ly8g4phfkq68hj20u00u0mzt.jpg */ = {isa = PBXFileReference; lastKnownFileType = image.jpeg; path = 76297935ly8g4phfkq68hj20u00u0mzt.jpg; sourceTree = "<group>"; };
		62A3628E2BD304590067966E /* bca7fdafgw1ekhkps65b1j2050050dg4.jpg */ = {isa = PBXFileReference; lastKnownFileType = image.jpeg; path = bca7fdafgw1ekhkps65b1j2050050dg4.jpg; sourceTree = "<group>"; };
		62A3628F2BD304590067966E /* bca7fdafly1gax1gqd9vmj20c80ayaam.jpg */ = {isa = PBXFileReference; lastKnownFileType = image.jpeg; path = bca7fdafly1gax1gqd9vmj20c80ayaam.jpg; sourceTree = "<group>"; };
		62A362902BD304590067966E /* bca7fdafly1gax1gqdg6qj20c80avdgl.jpg */ = {isa = PBXFileReference; lastKnownFileType = image.jpeg; path = bca7fdafly1gax1gqdg6qj20c80avdgl.jpg; sourceTree = "<group>"; };
		62A362912BD304590067966E /* bca7fdafly1gax1gqdhouj20c80axaam.jpg */ = {isa = PBXFileReference; lastKnownFileType = image.jpeg; path = bca7fdafly1gax1gqdhouj20c80axaam.jpg; sourceTree = "<group>"; };
		62A362922BD304590067966E /* bca7fdafly1gax1gqdnboj20c80atmxp.jpg */ = {isa = PBXFileReference; lastKnownFileType = image.jpeg; path = bca7fdafly1gax1gqdnboj20c80atmxp.jpg; sourceTree = "<group>"; };
		62A362932BD304590067966E /* bca7fdafly1gax1gqehdaj20c80atq3x.jpg */ = {isa = PBXFileReference; lastKnownFileType = image.jpeg; path = bca7fdafly1gax1gqehdaj20c80atq3x.jpg; sourceTree = "<group>"; };
		62A362942BD304590067966E /* bca7fdafly1gax1gqfgsjj20c80axaay.jpg */ = {isa = PBXFileReference; lastKnownFileType = image.jpeg; path = bca7fdafly1gax1gqfgsjj20c80axaay.jpg; sourceTree = "<group>"; };
		62A362952BD304590067966E /* c5aa834fgy1gauzr6venkj20u01hc12f.jpg */ = {isa = PBXFileReference; lastKnownFileType = image.jpeg; path = c5aa834fgy1gauzr6venkj20u01hc12f.jpg; sourceTree = "<group>"; };
		62A362962BD304590067966E /* c5aa834fgy1gauzr8ok78j20tz12fk8w.jpg */ = {isa = PBXFileReference; lastKnownFileType = image.jpeg; path = c5aa834fgy1gauzr8ok78j20tz12fk8w.jpg; sourceTree = "<group>"; };
		62A362972BD304590067966E /* c5aa834fgy1gauzr86bp5j20pb0w47in.jpg */ = {isa = PBXFileReference; lastKnownFileType = image.jpeg; path = c5aa834fgy1gauzr86bp5j20pb0w47in.jpg; sourceTree = "<group>"; };
		62A362982BD304590067966E /* c5aa834fgy1gauzr95r6fj20tw0l3dq4.jpg */ = {isa = PBXFileReference; lastKnownFileType = image.jpeg; path = c5aa834fgy1gauzr95r6fj20tw0l3dq4.jpg; sourceTree = "<group>"; };
		62A362992BD304590067966E /* c5aa834fgy1gauzrb7s5ej20tz13qh5x.jpg */ = {isa = PBXFileReference; lastKnownFileType = image.jpeg; path = c5aa834fgy1gauzrb7s5ej20tz13qh5x.jpg; sourceTree = "<group>"; };
		62A3629A2BD304590067966E /* c5aa834fly8g97m8ix9lcj20re0regnk.jpg */ = {isa = PBXFileReference; lastKnownFileType = image.jpeg; path = c5aa834fly8g97m8ix9lcj20re0regnk.jpg; sourceTree = "<group>"; };
		62A3629B2BD304590067966E /* d0c21786ly1gavj2btv6tj20c80790tg.jpg */ = {isa = PBXFileReference; lastKnownFileType = image.jpeg; path = d0c21786ly1gavj2btv6tj20c80790tg.jpg; sourceTree = "<group>"; };
		62A3629C2BD304590067966E /* d0c21786ly1gavj2c0kcej20c8096dh7.jpg */ = {isa = PBXFileReference; lastKnownFileType = image.jpeg; path = d0c21786ly1gavj2c0kcej20c8096dh7.jpg; sourceTree = "<group>"; };
		62A3629D2BD304590067966E /* d0c21786ly1gavj2cdrkyj20c80720tg.jpg */ = {isa = PBXFileReference; lastKnownFileType = image.jpeg; path = d0c21786ly1gavj2cdrkyj20c80720tg.jpg; sourceTree = "<group>"; };
		62A3629E2BD304590067966E /* d0c21786ly1gavj2cowp9j20c8083ab4.jpg */ = {isa = PBXFileReference; lastKnownFileType = image.jpeg; path = d0c21786ly1gavj2cowp9j20c8083ab4.jpg; sourceTree = "<group>"; };
		62A3629F2BD304590067966E /* d0c21786ly1gavj2d17d9j20c808zq3r.jpg */ = {isa = PBXFileReference; lastKnownFileType = image.jpeg; path = d0c21786ly1gavj2d17d9j20c808zq3r.jpg; sourceTree = "<group>"; };
		62A362A02BD304590067966E /* d0c21786ly8fsax1ftiifj20ro0ro43g.jpg */ = {isa = PBXFileReference; lastKnownFileType = image.jpeg; path = d0c21786ly8fsax1ftiifj20ro0ro43g.jpg; sourceTree = "<group>"; };
		62A362A12BD304590067966E /* eb5c94aegy1gav25n5ibjj20zk1h8wuu.jpg */ = {isa = PBXFileReference; lastKnownFileType = image.jpeg; path = eb5c94aegy1gav25n5ibjj20zk1h8wuu.jpg; sourceTree = "<group>"; };
		62A362A22BD304590067966E /* eb5c94aegy1gav25ox6dvj20u00k1go9.jpg */ = {isa = PBXFileReference; lastKnownFileType = image.jpeg; path = eb5c94aegy1gav25ox6dvj20u00k1go9.jpg; sourceTree = "<group>"; };
		62A362A32BD304590067966E /* eb5c94aegy1gav26fycwlj20zk1h8drh.jpg */ = {isa = PBXFileReference; lastKnownFileType = image.jpeg; path = eb5c94aegy1gav26fycwlj20zk1h8drh.jpg; sourceTree = "<group>"; };
		62A362A42BD304590067966E /* eb5c94aegy1gav2509cp5j20zk0k0n2j.jpg */ = {isa = PBXFileReference; lastKnownFileType = image.jpeg; path = eb5c94aegy1gav2509cp5j20zk0k0n2j.jpg; sourceTree = "<group>"; };
		62A362A52BD304590067966E /* eb5c94aely8fmvumnl9baj20v90v9q49.jpg */ = {isa = PBXFileReference; lastKnownFileType = image.jpeg; path = eb5c94aely8fmvumnl9baj20v90v9q49.jpg; sourceTree = "<group>"; };
		62A362A62BD304590067966E /* PostListData_hot_1.json */ = {isa = PBXFileReference; fileEncoding = 4; lastKnownFileType = text.json; path = PostListData_hot_1.json; sourceTree = "<group>"; };
		62A362A72BD304590067966E /* PostListData_recommend_1.json */ = {isa = PBXFileReference; fileEncoding = 4; lastKnownFileType = text.json; path = PostListData_recommend_1.json; sourceTree = "<group>"; };
		62A362FC2BD307E70067966E /* PostVIPBadge.swift */ = {isa = PBXFileReference; lastKnownFileType = sourcecode.swift; path = PostVIPBadge.swift; sourceTree = "<group>"; };
		62A362FE2BD30B1B0067966E /* Post.swift */ = {isa = PBXFileReference; lastKnownFileType = sourcecode.swift; path = Post.swift; sourceTree = "<group>"; };
		62A363002BD310C00067966E /* PostCell.swift */ = {isa = PBXFileReference; lastKnownFileType = sourcecode.swift; path = PostCell.swift; sourceTree = "<group>"; };
		62A363042BD31EEC0067966E /* PostCellToolBarButton.swift */ = {isa = PBXFileReference; lastKnownFileType = sourcecode.swift; path = PostCellToolBarButton.swift; sourceTree = "<group>"; };
		62A363062BD3327C0067966E /* PostListView.swift */ = {isa = PBXFileReference; lastKnownFileType = sourcecode.swift; path = PostListView.swift; sourceTree = "<group>"; };
		62A363082BD33E350067966E /* PostImageCell.swift */ = {isa = PBXFileReference; lastKnownFileType = sourcecode.swift; path = PostImageCell.swift; sourceTree = "<group>"; };
		62A3630A2BD708880067966E /* PostDetailView.swift */ = {isa = PBXFileReference; lastKnownFileType = sourcecode.swift; path = PostDetailView.swift; sourceTree = "<group>"; };
		62A3630C2BD70BAA0067966E /* HomeNavigationBar.swift */ = {isa = PBXFileReference; lastKnownFileType = sourcecode.swift; path = HomeNavigationBar.swift; sourceTree = "<group>"; };
		62A363102BD7250B0067966E /* HomeView.swift */ = {isa = PBXFileReference; lastKnownFileType = sourcecode.swift; path = HomeView.swift; sourceTree = "<group>"; };
		62A363122BD72B910067966E /* UserData.swift */ = {isa = PBXFileReference; lastKnownFileType = sourcecode.swift; path = UserData.swift; sourceTree = "<group>"; };
		62A363142BD736DF0067966E /* HScrollViewController.swift */ = {isa = PBXFileReference; lastKnownFileType = sourcecode.swift; path = HScrollViewController.swift; sourceTree = "<group>"; };
		62A363162BD838450067966E /* CommentInputView.swift */ = {isa = PBXFileReference; lastKnownFileType = sourcecode.swift; path = CommentInputView.swift; sourceTree = "<group>"; };
		62A363182BD876D30067966E /* CommentTextView.swift */ = {isa = PBXFileReference; lastKnownFileType = sourcecode.swift; path = CommentTextView.swift; sourceTree = "<group>"; };
		62A363202BDB3BBD0067966E /* OriginalButtonStyle.swift */ = {isa = PBXFileReference; lastKnownFileType = sourcecode.swift; path = OriginalButtonStyle.swift; sourceTree = "<group>"; };
/* End PBXFileReference section */

/* Begin PBXFrameworksBuildPhase section */
		6271D6C12BD2EF5000FF7576 /* Frameworks */ = {
			isa = PBXFrameworksBuildPhase;
			buildActionMask = 2147483647;
			files = (
				62A3631F2BDB3A280067966E /* BBSwiftUIKit in Frameworks */,
				62A363262BDC63D10067966E /* AlamofireDynamic in Frameworks */,
				62A363242BDC63D10067966E /* Alamofire in Frameworks */,
			);
			runOnlyForDeploymentPostprocessing = 0;
		};
/* End PBXFrameworksBuildPhase section */

/* Begin PBXGroup section */
		6271D6BB2BD2EF5000FF7576 = {
			isa = PBXGroup;
			children = (
				6271D6C62BD2EF5000FF7576 /* PostDemo */,
				6271D6C52BD2EF5000FF7576 /* Products */,
			);
			sourceTree = "<group>";
		};
		6271D6C52BD2EF5000FF7576 /* Products */ = {
			isa = PBXGroup;
			children = (
				6271D6C42BD2EF5000FF7576 /* PostDemo.app */,
			);
			name = Products;
			sourceTree = "<group>";
		};
		6271D6C62BD2EF5000FF7576 /* PostDemo */ = {
			isa = PBXGroup;
			children = (
				6271D6C72BD2EF5000FF7576 /* PostDemoApp.swift */,
				62A363002BD310C00067966E /* PostCell.swift */,
				62646A582BDC65A000BB2F12 /* NetworkAPI.swift */,
				62A363182BD876D30067966E /* CommentTextView.swift */,
				62A363062BD3327C0067966E /* PostListView.swift */,
				62A363202BDB3BBD0067966E /* OriginalButtonStyle.swift */,
				62646A5A2BDC65A800BB2F12 /* NetworkManager.swift */,
				62A3630A2BD708880067966E /* PostDetailView.swift */,
				62A3630C2BD70BAA0067966E /* HomeNavigationBar.swift */,
				62A363102BD7250B0067966E /* HomeView.swift */,
				62A363162BD838450067966E /* CommentInputView.swift */,
				62A363142BD736DF0067966E /* HScrollViewController.swift */,
				62A363122BD72B910067966E /* UserData.swift */,
				62A363082BD33E350067966E /* PostImageCell.swift */,
				62A362FE2BD30B1B0067966E /* Post.swift */,
				62A362FC2BD307E70067966E /* PostVIPBadge.swift */,
				62A363042BD31EEC0067966E /* PostCellToolBarButton.swift */,
				6271D6CB2BD2EF5100FF7576 /* Assets.xcassets */,
				62A362A82BD304590067966E /* Resources */,
				6271D6CD2BD2EF5100FF7576 /* Preview Content */,
			);
			path = PostDemo;
			sourceTree = "<group>";
		};
		6271D6CD2BD2EF5100FF7576 /* Preview Content */ = {
			isa = PBXGroup;
			children = (
				6271D6CE2BD2EF5100FF7576 /* Preview Assets.xcassets */,
			);
			path = "Preview Content";
			sourceTree = "<group>";
		};
		62A362A82BD304590067966E /* Resources */ = {
			isa = PBXGroup;
			children = (
				62A362552BD304590067966E /* 4e7f0c83gy1gam2misv31j21hc0u016k.jpg */,
				62A362562BD304590067966E /* 4e7f0c83gy1gam2mjhk8zj21hc0v6wnx.jpg */,
				62A362572BD304590067966E /* 4e7f0c83gy1gam2ml6nucj22tc240kjl.jpg */,
				62A362582BD304590067966E /* 4e7f0c83gy1gam2mn58d3j22tc240qv5.jpg */,
				62A362592BD304590067966E /* 4e7f0c83gy1gam2mp0x4pj22tc240u0x.jpg */,
				62A3625A2BD304590067966E /* 4e7f0c83gy1gam2mr1b81j22tc2407wi.jpg */,
				62A3625B2BD304590067966E /* 4e7f0c83ly8g1ho507078j20ro0rojtq.jpg */,
				62A3625C2BD304590067966E /* 005tnxzUly8gab4i2r73xj30u00u0js8.jpg */,
				62A3625D2BD304590067966E /* 6a2afec3gy1gaulykcejqj20t5145wns.jpg */,
				62A3625E2BD304590067966E /* 6a2afec3jw8fb4ld0qf2gj20e80dsdfz.jpg */,
				62A3625F2BD304590067966E /* 6ec3b446gy1gavd4xud8lj20j60qkwj0.jpg */,
				62A362602BD304590067966E /* 6ec3b446gy1gavd51jc4lj20j60pmwhl.jpg */,
				62A362612BD304590067966E /* 6ec3b446gy1gavd523embj20j60pytd6.jpg */,
				62A362622BD304590067966E /* 6ec3b446jw1e8qgp5bmzyj2050050aa8.jpg */,
				62A362632BD304590067966E /* 006gWxMEly1gavap8dywoj30hs0bwq48.jpg */,
				62A362642BD304590067966E /* 006gWxMEly1gavap8vsqaj30hs0bwgm6.jpg */,
				62A362652BD304590067966E /* 006gWxMEly1gavap86qr9j30ht0qo40t.jpg */,
				62A362662BD304590067966E /* 006gWxMEly1gavap88gttj30hs0a0dgf.jpg */,
				62A362672BD304590067966E /* 006gWxMEly8g0bjpl3ynij30kv0kv773.jpg */,
				62A362682BD304590067966E /* 006PdkDogy1gap6ngiyn3j30u011idle.jpg */,
				62A362692BD304590067966E /* 006PdkDogy1gap6ngj12ej30u011itf7.jpg */,
				62A3626A2BD304590067966E /* 006PdkDoly8ffywe2fq39j304g04gwed.jpg */,
				62A3626B2BD304590067966E /* 7f9147a5ly1fzxlgxgzpij20e90fltsj.jpg */,
				62A3626C2BD304590067966E /* 7f9147a5ly1fzxlh4ovuej20e90fl4fo.jpg */,
				62A3626D2BD304590067966E /* 7f9147a5ly1fzxlh6hzdnj20e90fl7me.jpg */,
				62A3626E2BD304590067966E /* 8a0b5544gy1gauy2ex786j20u0129aed.jpg */,
				62A3626F2BD304590067966E /* 8a0b5544gy1gauy2flua6j20u00hitab.jpg */,
				62A362702BD304590067966E /* 8a0b5544gy1gauy2g35yoj20u00fomzf.jpg */,
				62A362712BD304590067966E /* 8a0b5544gy1gauy2gmkg9j20u00gegnp.jpg */,
				62A362722BD304590067966E /* 8a0b5544gy1gauy2gz000j20u00n6wgj.jpg */,
				62A362732BD304590067966E /* 8a0b5544gy1gauy2hcozsj20u01czdiy.jpg */,
				62A362742BD304590067966E /* 8a0b5544jw1e8qgp5bmzyj2050050aa8.jpg */,
				62A362752BD304590067966E /* 9dc7402fgy1gavd37l9nwj20j60ny44q.jpg */,
				62A362762BD304590067966E /* 9dc7402fgy1gavd38kqjtj20j60nyn1d.jpg */,
				62A362772BD304590067966E /* 9dc7402fgy1gavd38wwlrj20j60nyq6y.jpg */,
				62A362782BD304590067966E /* 9dc7402fgy1gavd39ba15j20j60nywii.jpg */,
				62A362792BD304590067966E /* 9dc7402fgy1gavd367p0pj20j60nywic.jpg */,
				62A3627A2BD304590067966E /* 9dc7402fjw1e8qgp5bmzyj2050050aa8.jpg */,
				62A3627B2BD304590067966E /* 648ed25bjw8est9nqrtnij20500503yr.jpg */,
				62A3627C2BD304590067966E /* 700a34f6gy1gaunswwui7j20j60pl78e.jpg */,
				62A3627D2BD304590067966E /* 700a34f6gy1gaunswxtlrj20j60pkgok.jpg */,
				62A3627E2BD304590067966E /* 700a34f6gy1gaunswy5qnj20j60pkadk.jpg */,
				62A3627F2BD304590067966E /* 700a34f6gy1gaunsx2jywj20j60pkaeu.jpg */,
				62A362802BD304590067966E /* 700a34f6gy1gaunsxgzixj20j60edmz8.jpg */,
				62A362812BD304590067966E /* 700a34f6gy1gaunsxhp4pj20j60pkn1k.jpg */,
				62A362822BD304590067966E /* 700a34f6ly8g9a29rjt92j20fn0iqdg8.jpg */,
				62A362832BD304590067966E /* 8697cf1ely8gashxj3b09j20u00u040v.jpg */,
				62A362842BD304590067966E /* 630584a6gy1gau54zgaxhj20m80et0vq.jpg */,
				62A362852BD304590067966E /* 630584a6gy1gau54zl806j20m80etmzo.jpg */,
				62A362862BD304590067966E /* 630584a6gy1gau54zm4dtj20m80dftbv.jpg */,
				62A362872BD304590067966E /* 630584a6gy1gau54zyj61j20m80etn07.jpg */,
				62A362882BD304590067966E /* 630584a6ly8fqs5wwkkmrj20ku0kuta7.jpg */,
				62A362892BD304590067966E /* 76297935ly1gatz8g5rvxj22c03401kz.jpg */,
				62A3628A2BD304590067966E /* 76297935ly1gatz8k5itij22c02c01ky.jpg */,
				62A3628B2BD304590067966E /* 76297935ly1gatz8obqvkj22c0340npe.jpg */,
				62A3628C2BD304590067966E /* 76297935ly1gatz89dzblj23402c0qv6.jpg */,
				62A3628D2BD304590067966E /* 76297935ly8g4phfkq68hj20u00u0mzt.jpg */,
				62A3628E2BD304590067966E /* bca7fdafgw1ekhkps65b1j2050050dg4.jpg */,
				62A3628F2BD304590067966E /* bca7fdafly1gax1gqd9vmj20c80ayaam.jpg */,
				62A362902BD304590067966E /* bca7fdafly1gax1gqdg6qj20c80avdgl.jpg */,
				62A362912BD304590067966E /* bca7fdafly1gax1gqdhouj20c80axaam.jpg */,
				62A362922BD304590067966E /* bca7fdafly1gax1gqdnboj20c80atmxp.jpg */,
				62A362932BD304590067966E /* bca7fdafly1gax1gqehdaj20c80atq3x.jpg */,
				62A362942BD304590067966E /* bca7fdafly1gax1gqfgsjj20c80axaay.jpg */,
				62A362952BD304590067966E /* c5aa834fgy1gauzr6venkj20u01hc12f.jpg */,
				62A362962BD304590067966E /* c5aa834fgy1gauzr8ok78j20tz12fk8w.jpg */,
				62A362972BD304590067966E /* c5aa834fgy1gauzr86bp5j20pb0w47in.jpg */,
				62A362982BD304590067966E /* c5aa834fgy1gauzr95r6fj20tw0l3dq4.jpg */,
				62A362992BD304590067966E /* c5aa834fgy1gauzrb7s5ej20tz13qh5x.jpg */,
				62A3629A2BD304590067966E /* c5aa834fly8g97m8ix9lcj20re0regnk.jpg */,
				62A3629B2BD304590067966E /* d0c21786ly1gavj2btv6tj20c80790tg.jpg */,
				62A3629C2BD304590067966E /* d0c21786ly1gavj2c0kcej20c8096dh7.jpg */,
				62A3629D2BD304590067966E /* d0c21786ly1gavj2cdrkyj20c80720tg.jpg */,
				62A3629E2BD304590067966E /* d0c21786ly1gavj2cowp9j20c8083ab4.jpg */,
				62A3629F2BD304590067966E /* d0c21786ly1gavj2d17d9j20c808zq3r.jpg */,
				62A362A02BD304590067966E /* d0c21786ly8fsax1ftiifj20ro0ro43g.jpg */,
				62A362A12BD304590067966E /* eb5c94aegy1gav25n5ibjj20zk1h8wuu.jpg */,
				62A362A22BD304590067966E /* eb5c94aegy1gav25ox6dvj20u00k1go9.jpg */,
				62A362A32BD304590067966E /* eb5c94aegy1gav26fycwlj20zk1h8drh.jpg */,
				62A362A42BD304590067966E /* eb5c94aegy1gav2509cp5j20zk0k0n2j.jpg */,
				62A362A52BD304590067966E /* eb5c94aely8fmvumnl9baj20v90v9q49.jpg */,
				62A362A62BD304590067966E /* PostListData_hot_1.json */,
				62A362A72BD304590067966E /* PostListData_recommend_1.json */,
			);
			path = Resources;
			sourceTree = "<group>";
		};
/* End PBXGroup section */

/* Begin PBXNativeTarget section */
		6271D6C32BD2EF5000FF7576 /* PostDemo */ = {
			isa = PBXNativeTarget;
			buildConfigurationList = 6271D6D22BD2EF5100FF7576 /* Build configuration list for PBXNativeTarget "PostDemo" */;
			buildPhases = (
				6271D6C02BD2EF5000FF7576 /* Sources */,
				6271D6C12BD2EF5000FF7576 /* Frameworks */,
				6271D6C22BD2EF5000FF7576 /* Resources */,
			);
			buildRules = (
			);
			dependencies = (
			);
			name = PostDemo;
			packageProductDependencies = (
				62A3631E2BDB3A280067966E /* BBSwiftUIKit */,
				62A363232BDC63D10067966E /* Alamofire */,
				62A363252BDC63D10067966E /* AlamofireDynamic */,
			);
			productName = PostDemo;
			productReference = 6271D6C42BD2EF5000FF7576 /* PostDemo.app */;
			productType = "com.apple.product-type.application";
		};
/* End PBXNativeTarget section */

/* Begin PBXProject section */
		6271D6BC2BD2EF5000FF7576 /* Project object */ = {
			isa = PBXProject;
			attributes = {
				BuildIndependentTargetsInParallel = 1;
				LastSwiftUpdateCheck = 1530;
				LastUpgradeCheck = 1530;
				TargetAttributes = {
					6271D6C32BD2EF5000FF7576 = {
						CreatedOnToolsVersion = 15.3;
					};
				};
			};
			buildConfigurationList = 6271D6BF2BD2EF5000FF7576 /* Build configuration list for PBXProject "PostDemo" */;
			compatibilityVersion = "Xcode 14.0";
			developmentRegion = en;
			hasScannedForEncodings = 0;
			knownRegions = (
				en,
				Base,
			);
			mainGroup = 6271D6BB2BD2EF5000FF7576;
			packageReferences = (
				62A3631D2BDB3A280067966E /* XCRemoteSwiftPackageReference "BBSwiftUIKit" */,
				62A363222BDC63D10067966E /* XCRemoteSwiftPackageReference "Alamofire" */,
			);
			productRefGroup = 6271D6C52BD2EF5000FF7576 /* Products */;
			projectDirPath = "";
			projectRoot = "";
			targets = (
				6271D6C32BD2EF5000FF7576 /* PostDemo */,
			);
		};
/* End PBXProject section */

/* Begin PBXResourcesBuildPhase section */
		6271D6C22BD2EF5000FF7576 /* Resources */ = {
			isa = PBXResourcesBuildPhase;
			buildActionMask = 2147483647;
			files = (
				62A362F92BD304590067966E /* eb5c94aely8fmvumnl9baj20v90v9q49.jpg in Resources */,
				62A362D22BD304590067966E /* 700a34f6gy1gaunswy5qnj20j60pkadk.jpg in Resources */,
				62A362DF2BD304590067966E /* 76297935ly1gatz8obqvkj22c0340npe.jpg in Resources */,
				62A362E32BD304590067966E /* bca7fdafly1gax1gqd9vmj20c80ayaam.jpg in Resources */,
				62A362B32BD304590067966E /* 6ec3b446gy1gavd4xud8lj20j60qkwj0.jpg in Resources */,
				62A362FA2BD304590067966E /* PostListData_hot_1.json in Resources */,
				62A362E62BD304590067966E /* bca7fdafly1gax1gqdnboj20c80atmxp.jpg in Resources */,
				62A362F72BD304590067966E /* eb5c94aegy1gav26fycwlj20zk1h8drh.jpg in Resources */,
				62A362E82BD304590067966E /* bca7fdafly1gax1gqfgsjj20c80axaay.jpg in Resources */,
				62A362CD2BD304590067966E /* 9dc7402fgy1gavd367p0pj20j60nywic.jpg in Resources */,
				62A362BF2BD304590067966E /* 7f9147a5ly1fzxlgxgzpij20e90fltsj.jpg in Resources */,
				62A362BE2BD304590067966E /* 006PdkDoly8ffywe2fq39j304g04gwed.jpg in Resources */,
				62A362AB2BD304590067966E /* 4e7f0c83gy1gam2ml6nucj22tc240kjl.jpg in Resources */,
				62A362CA2BD304590067966E /* 9dc7402fgy1gavd38kqjtj20j60nyn1d.jpg in Resources */,
				62A362F82BD304590067966E /* eb5c94aegy1gav2509cp5j20zk0k0n2j.jpg in Resources */,
				62A362C32BD304590067966E /* 8a0b5544gy1gauy2flua6j20u00hitab.jpg in Resources */,
				62A362B62BD304590067966E /* 6ec3b446jw1e8qgp5bmzyj2050050aa8.jpg in Resources */,
				62A362DC2BD304590067966E /* 630584a6ly8fqs5wwkkmrj20ku0kuta7.jpg in Resources */,
				62A362FB2BD304590067966E /* PostListData_recommend_1.json in Resources */,
				62A362EE2BD304590067966E /* c5aa834fly8g97m8ix9lcj20re0regnk.jpg in Resources */,
				62A362E02BD304590067966E /* 76297935ly1gatz89dzblj23402c0qv6.jpg in Resources */,
				62A362F32BD304590067966E /* d0c21786ly1gavj2d17d9j20c808zq3r.jpg in Resources */,
				62A362CB2BD304590067966E /* 9dc7402fgy1gavd38wwlrj20j60nyq6y.jpg in Resources */,
				62A362F22BD304590067966E /* d0c21786ly1gavj2cowp9j20c8083ab4.jpg in Resources */,
				62A362D52BD304590067966E /* 700a34f6gy1gaunsxhp4pj20j60pkn1k.jpg in Resources */,
				62A362B02BD304590067966E /* 005tnxzUly8gab4i2r73xj30u00u0js8.jpg in Resources */,
				62A362BB2BD304590067966E /* 006gWxMEly8g0bjpl3ynij30kv0kv773.jpg in Resources */,
				62A362C82BD304590067966E /* 8a0b5544jw1e8qgp5bmzyj2050050aa8.jpg in Resources */,
				62A362E92BD304590067966E /* c5aa834fgy1gauzr6venkj20u01hc12f.jpg in Resources */,
				62A362CE2BD304590067966E /* 9dc7402fjw1e8qgp5bmzyj2050050aa8.jpg in Resources */,
				62A362C92BD304590067966E /* 9dc7402fgy1gavd37l9nwj20j60ny44q.jpg in Resources */,
				62A362D82BD304590067966E /* 630584a6gy1gau54zgaxhj20m80et0vq.jpg in Resources */,
				62A362EF2BD304590067966E /* d0c21786ly1gavj2btv6tj20c80790tg.jpg in Resources */,
				62A362F42BD304590067966E /* d0c21786ly8fsax1ftiifj20ro0ro43g.jpg in Resources */,
				62A362AD2BD304590067966E /* 4e7f0c83gy1gam2mp0x4pj22tc240u0x.jpg in Resources */,
				62A362F02BD304590067966E /* d0c21786ly1gavj2c0kcej20c8096dh7.jpg in Resources */,
				62A362E12BD304590067966E /* 76297935ly8g4phfkq68hj20u00u0mzt.jpg in Resources */,
				62A362AF2BD304590067966E /* 4e7f0c83ly8g1ho507078j20ro0rojtq.jpg in Resources */,
				62A362F52BD304590067966E /* eb5c94aegy1gav25n5ibjj20zk1h8wuu.jpg in Resources */,
				62A362BD2BD304590067966E /* 006PdkDogy1gap6ngj12ej30u011itf7.jpg in Resources */,
				62A362C72BD304590067966E /* 8a0b5544gy1gauy2hcozsj20u01czdiy.jpg in Resources */,
				62A362DA2BD304590067966E /* 630584a6gy1gau54zm4dtj20m80dftbv.jpg in Resources */,
				62A362EA2BD304590067966E /* c5aa834fgy1gauzr8ok78j20tz12fk8w.jpg in Resources */,
				62A362C52BD304590067966E /* 8a0b5544gy1gauy2gmkg9j20u00gegnp.jpg in Resources */,
				62A362AA2BD304590067966E /* 4e7f0c83gy1gam2mjhk8zj21hc0v6wnx.jpg in Resources */,
				62A362DD2BD304590067966E /* 76297935ly1gatz8g5rvxj22c03401kz.jpg in Resources */,
				62A362B72BD304590067966E /* 006gWxMEly1gavap8dywoj30hs0bwq48.jpg in Resources */,
				62A362EC2BD304590067966E /* c5aa834fgy1gauzr95r6fj20tw0l3dq4.jpg in Resources */,
				62A362E42BD304590067966E /* bca7fdafly1gax1gqdg6qj20c80avdgl.jpg in Resources */,
				62A362B12BD304590067966E /* 6a2afec3gy1gaulykcejqj20t5145wns.jpg in Resources */,
				62A362A92BD304590067966E /* 4e7f0c83gy1gam2misv31j21hc0u016k.jpg in Resources */,
				62A362F62BD304590067966E /* eb5c94aegy1gav25ox6dvj20u00k1go9.jpg in Resources */,
				62A362B22BD304590067966E /* 6a2afec3jw8fb4ld0qf2gj20e80dsdfz.jpg in Resources */,
				62A362CC2BD304590067966E /* 9dc7402fgy1gavd39ba15j20j60nywii.jpg in Resources */,
				62A362B92BD304590067966E /* 006gWxMEly1gavap86qr9j30ht0qo40t.jpg in Resources */,
				62A362AE2BD304590067966E /* 4e7f0c83gy1gam2mr1b81j22tc2407wi.jpg in Resources */,
				62A362BC2BD304590067966E /* 006PdkDogy1gap6ngiyn3j30u011idle.jpg in Resources */,
				62A362CF2BD304590067966E /* 648ed25bjw8est9nqrtnij20500503yr.jpg in Resources */,
				62A362C42BD304590067966E /* 8a0b5544gy1gauy2g35yoj20u00fomzf.jpg in Resources */,
				62A362D92BD304590067966E /* 630584a6gy1gau54zl806j20m80etmzo.jpg in Resources */,
				62A362B52BD304590067966E /* 6ec3b446gy1gavd523embj20j60pytd6.jpg in Resources */,
				62A362B42BD304590067966E /* 6ec3b446gy1gavd51jc4lj20j60pmwhl.jpg in Resources */,
				62A362C62BD304590067966E /* 8a0b5544gy1gauy2gz000j20u00n6wgj.jpg in Resources */,
				62A362ED2BD304590067966E /* c5aa834fgy1gauzrb7s5ej20tz13qh5x.jpg in Resources */,
				62A362DE2BD304590067966E /* 76297935ly1gatz8k5itij22c02c01ky.jpg in Resources */,
				62A362BA2BD304590067966E /* 006gWxMEly1gavap88gttj30hs0a0dgf.jpg in Resources */,
				62A362D42BD304590067966E /* 700a34f6gy1gaunsxgzixj20j60edmz8.jpg in Resources */,
				62A362C12BD304590067966E /* 7f9147a5ly1fzxlh6hzdnj20e90fl7me.jpg in Resources */,
				62A362C22BD304590067966E /* 8a0b5544gy1gauy2ex786j20u0129aed.jpg in Resources */,
				62A362F12BD304590067966E /* d0c21786ly1gavj2cdrkyj20c80720tg.jpg in Resources */,
				62A362D12BD304590067966E /* 700a34f6gy1gaunswxtlrj20j60pkgok.jpg in Resources */,
				62A362E22BD304590067966E /* bca7fdafgw1ekhkps65b1j2050050dg4.jpg in Resources */,
				62A362E72BD304590067966E /* bca7fdafly1gax1gqehdaj20c80atq3x.jpg in Resources */,
				62A362D02BD304590067966E /* 700a34f6gy1gaunswwui7j20j60pl78e.jpg in Resources */,
				62A362AC2BD304590067966E /* 4e7f0c83gy1gam2mn58d3j22tc240qv5.jpg in Resources */,
				6271D6CF2BD2EF5100FF7576 /* Preview Assets.xcassets in Resources */,
				62A362D72BD304590067966E /* 8697cf1ely8gashxj3b09j20u00u040v.jpg in Resources */,
				62A362B82BD304590067966E /* 006gWxMEly1gavap8vsqaj30hs0bwgm6.jpg in Resources */,
				6271D6CC2BD2EF5100FF7576 /* Assets.xcassets in Resources */,
				62A362EB2BD304590067966E /* c5aa834fgy1gauzr86bp5j20pb0w47in.jpg in Resources */,
				62A362E52BD304590067966E /* bca7fdafly1gax1gqdhouj20c80axaam.jpg in Resources */,
				62A362D32BD304590067966E /* 700a34f6gy1gaunsx2jywj20j60pkaeu.jpg in Resources */,
				62A362C02BD304590067966E /* 7f9147a5ly1fzxlh4ovuej20e90fl4fo.jpg in Resources */,
				62A362D62BD304590067966E /* 700a34f6ly8g9a29rjt92j20fn0iqdg8.jpg in Resources */,
				62A362DB2BD304590067966E /* 630584a6gy1gau54zyj61j20m80etn07.jpg in Resources */,
			);
			runOnlyForDeploymentPostprocessing = 0;
		};
/* End PBXResourcesBuildPhase section */

/* Begin PBXSourcesBuildPhase section */
		6271D6C02BD2EF5000FF7576 /* Sources */ = {
			isa = PBXSourcesBuildPhase;
			buildActionMask = 2147483647;
			files = (
				62A363172BD838450067966E /* CommentInputView.swift in Sources */,
				62A363192BD876D30067966E /* CommentTextView.swift in Sources */,
				62A3630B2BD708880067966E /* PostDetailView.swift in Sources */,
				6271D6C82BD2EF5000FF7576 /* PostDemoApp.swift in Sources */,
				62A362FD2BD307E70067966E /* PostVIPBadge.swift in Sources */,
				62A363052BD31EEC0067966E /* PostCellToolBarButton.swift in Sources */,
				62A363112BD7250B0067966E /* HomeView.swift in Sources */,
				62A363132BD72B910067966E /* UserData.swift in Sources */,
				62A362FF2BD30B1B0067966E /* Post.swift in Sources */,
				62A3630D2BD70BAA0067966E /* HomeNavigationBar.swift in Sources */,
				62646A5B2BDC65A800BB2F12 /* NetworkManager.swift in Sources */,
				62A363152BD736DF0067966E /* HScrollViewController.swift in Sources */,
				62A363012BD310C00067966E /* PostCell.swift in Sources */,
				62A363072BD3327C0067966E /* PostListView.swift in Sources */,
				62A363092BD33E350067966E /* PostImageCell.swift in Sources */,
				62A363212BDB3BBD0067966E /* OriginalButtonStyle.swift in Sources */,
				62646A592BDC65A000BB2F12 /* NetworkAPI.swift in Sources */,
			);
			runOnlyForDeploymentPostprocessing = 0;
		};
/* End PBXSourcesBuildPhase section */

/* Begin XCBuildConfiguration section */
		6271D6D02BD2EF5100FF7576 /* Debug */ = {
			isa = XCBuildConfiguration;
			buildSettings = {
				ALWAYS_SEARCH_USER_PATHS = NO;
				ASSETCATALOG_COMPILER_GENERATE_SWIFT_ASSET_SYMBOL_EXTENSIONS = YES;
				CLANG_ANALYZER_NONNULL = YES;
				CLANG_ANALYZER_NUMBER_OBJECT_CONVERSION = YES_AGGRESSIVE;
				CLANG_CXX_LANGUAGE_STANDARD = "gnu++20";
				CLANG_ENABLE_MODULES = YES;
				CLANG_ENABLE_OBJC_ARC = YES;
				CLANG_ENABLE_OBJC_WEAK = YES;
				CLANG_WARN_BLOCK_CAPTURE_AUTORELEASING = YES;
				CLANG_WARN_BOOL_CONVERSION = YES;
				CLANG_WARN_COMMA = YES;
				CLANG_WARN_CONSTANT_CONVERSION = YES;
				CLANG_WARN_DEPRECATED_OBJC_IMPLEMENTATIONS = YES;
				CLANG_WARN_DIRECT_OBJC_ISA_USAGE = YES_ERROR;
				CLANG_WARN_DOCUMENTATION_COMMENTS = YES;
				CLANG_WARN_EMPTY_BODY = YES;
				CLANG_WARN_ENUM_CONVERSION = YES;
				CLANG_WARN_INFINITE_RECURSION = YES;
				CLANG_WARN_INT_CONVERSION = YES;
				CLANG_WARN_NON_LITERAL_NULL_CONVERSION = YES;
				CLANG_WARN_OBJC_IMPLICIT_RETAIN_SELF = YES;
				CLANG_WARN_OBJC_LITERAL_CONVERSION = YES;
				CLANG_WARN_OBJC_ROOT_CLASS = YES_ERROR;
				CLANG_WARN_QUOTED_INCLUDE_IN_FRAMEWORK_HEADER = YES;
				CLANG_WARN_RANGE_LOOP_ANALYSIS = YES;
				CLANG_WARN_STRICT_PROTOTYPES = YES;
				CLANG_WARN_SUSPICIOUS_MOVE = YES;
				CLANG_WARN_UNGUARDED_AVAILABILITY = YES_AGGRESSIVE;
				CLANG_WARN_UNREACHABLE_CODE = YES;
				CLANG_WARN__DUPLICATE_METHOD_MATCH = YES;
				COPY_PHASE_STRIP = NO;
				DEBUG_INFORMATION_FORMAT = dwarf;
				ENABLE_STRICT_OBJC_MSGSEND = YES;
				ENABLE_TESTABILITY = YES;
				ENABLE_USER_SCRIPT_SANDBOXING = YES;
				GCC_C_LANGUAGE_STANDARD = gnu17;
				GCC_DYNAMIC_NO_PIC = NO;
				GCC_NO_COMMON_BLOCKS = YES;
				GCC_OPTIMIZATION_LEVEL = 0;
				GCC_PREPROCESSOR_DEFINITIONS = (
					"DEBUG=1",
					"$(inherited)",
				);
				GCC_WARN_64_TO_32_BIT_CONVERSION = YES;
				GCC_WARN_ABOUT_RETURN_TYPE = YES_ERROR;
				GCC_WARN_UNDECLARED_SELECTOR = YES;
				GCC_WARN_UNINITIALIZED_AUTOS = YES_AGGRESSIVE;
				GCC_WARN_UNUSED_FUNCTION = YES;
				GCC_WARN_UNUSED_VARIABLE = YES;
				IPHONEOS_DEPLOYMENT_TARGET = 17.4;
				LOCALIZATION_PREFERS_STRING_CATALOGS = YES;
				MTL_ENABLE_DEBUG_INFO = INCLUDE_SOURCE;
				MTL_FAST_MATH = YES;
				ONLY_ACTIVE_ARCH = YES;
				SDKROOT = iphoneos;
				SWIFT_ACTIVE_COMPILATION_CONDITIONS = "DEBUG $(inherited)";
				SWIFT_OPTIMIZATION_LEVEL = "-Onone";
			};
			name = Debug;
		};
		6271D6D12BD2EF5100FF7576 /* Release */ = {
			isa = XCBuildConfiguration;
			buildSettings = {
				ALWAYS_SEARCH_USER_PATHS = NO;
				ASSETCATALOG_COMPILER_GENERATE_SWIFT_ASSET_SYMBOL_EXTENSIONS = YES;
				CLANG_ANALYZER_NONNULL = YES;
				CLANG_ANALYZER_NUMBER_OBJECT_CONVERSION = YES_AGGRESSIVE;
				CLANG_CXX_LANGUAGE_STANDARD = "gnu++20";
				CLANG_ENABLE_MODULES = YES;
				CLANG_ENABLE_OBJC_ARC = YES;
				CLANG_ENABLE_OBJC_WEAK = YES;
				CLANG_WARN_BLOCK_CAPTURE_AUTORELEASING = YES;
				CLANG_WARN_BOOL_CONVERSION = YES;
				CLANG_WARN_COMMA = YES;
				CLANG_WARN_CONSTANT_CONVERSION = YES;
				CLANG_WARN_DEPRECATED_OBJC_IMPLEMENTATIONS = YES;
				CLANG_WARN_DIRECT_OBJC_ISA_USAGE = YES_ERROR;
				CLANG_WARN_DOCUMENTATION_COMMENTS = YES;
				CLANG_WARN_EMPTY_BODY = YES;
				CLANG_WARN_ENUM_CONVERSION = YES;
				CLANG_WARN_INFINITE_RECURSION = YES;
				CLANG_WARN_INT_CONVERSION = YES;
				CLANG_WARN_NON_LITERAL_NULL_CONVERSION = YES;
				CLANG_WARN_OBJC_IMPLICIT_RETAIN_SELF = YES;
				CLANG_WARN_OBJC_LITERAL_CONVERSION = YES;
				CLANG_WARN_OBJC_ROOT_CLASS = YES_ERROR;
				CLANG_WARN_QUOTED_INCLUDE_IN_FRAMEWORK_HEADER = YES;
				CLANG_WARN_RANGE_LOOP_ANALYSIS = YES;
				CLANG_WARN_STRICT_PROTOTYPES = YES;
				CLANG_WARN_SUSPICIOUS_MOVE = YES;
				CLANG_WARN_UNGUARDED_AVAILABILITY = YES_AGGRESSIVE;
				CLANG_WARN_UNREACHABLE_CODE = YES;
				CLANG_WARN__DUPLICATE_METHOD_MATCH = YES;
				COPY_PHASE_STRIP = NO;
				DEBUG_INFORMATION_FORMAT = "dwarf-with-dsym";
				ENABLE_NS_ASSERTIONS = NO;
				ENABLE_STRICT_OBJC_MSGSEND = YES;
				ENABLE_USER_SCRIPT_SANDBOXING = YES;
				GCC_C_LANGUAGE_STANDARD = gnu17;
				GCC_NO_COMMON_BLOCKS = YES;
				GCC_WARN_64_TO_32_BIT_CONVERSION = YES;
				GCC_WARN_ABOUT_RETURN_TYPE = YES_ERROR;
				GCC_WARN_UNDECLARED_SELECTOR = YES;
				GCC_WARN_UNINITIALIZED_AUTOS = YES_AGGRESSIVE;
				GCC_WARN_UNUSED_FUNCTION = YES;
				GCC_WARN_UNUSED_VARIABLE = YES;
				IPHONEOS_DEPLOYMENT_TARGET = 17.4;
				LOCALIZATION_PREFERS_STRING_CATALOGS = YES;
				MTL_ENABLE_DEBUG_INFO = NO;
				MTL_FAST_MATH = YES;
				SDKROOT = iphoneos;
				SWIFT_COMPILATION_MODE = wholemodule;
				VALIDATE_PRODUCT = YES;
			};
			name = Release;
		};
		6271D6D32BD2EF5100FF7576 /* Debug */ = {
			isa = XCBuildConfiguration;
			buildSettings = {
				ASSETCATALOG_COMPILER_APPICON_NAME = AppIcon;
				ASSETCATALOG_COMPILER_GLOBAL_ACCENT_COLOR_NAME = AccentColor;
				CODE_SIGN_STYLE = Automatic;
				CURRENT_PROJECT_VERSION = 1;
				DEVELOPMENT_ASSET_PATHS = "\"PostDemo/Preview Content\"";
				ENABLE_PREVIEWS = YES;
				GENERATE_INFOPLIST_FILE = YES;
				INFOPLIST_KEY_UIApplicationSceneManifest_Generation = YES;
				INFOPLIST_KEY_UIApplicationSupportsIndirectInputEvents = YES;
				INFOPLIST_KEY_UILaunchScreen_Generation = YES;
				INFOPLIST_KEY_UISupportedInterfaceOrientations_iPad = "UIInterfaceOrientationPortrait UIInterfaceOrientationPortraitUpsideDown";
				INFOPLIST_KEY_UISupportedInterfaceOrientations_iPhone = UIInterfaceOrientationPortrait;
				LD_RUNPATH_SEARCH_PATHS = (
					"$(inherited)",
					"@executable_path/Frameworks",
				);
				MARKETING_VERSION = 1.0;
				PRODUCT_BUNDLE_IDENTIFIER = chuan.PostDemo;
				PRODUCT_NAME = "$(TARGET_NAME)";
				SWIFT_EMIT_LOC_STRINGS = YES;
				SWIFT_VERSION = 5.0;
				TARGETED_DEVICE_FAMILY = "1,2";
			};
			name = Debug;
		};
		6271D6D42BD2EF5100FF7576 /* Release */ = {
			isa = XCBuildConfiguration;
			buildSettings = {
				ASSETCATALOG_COMPILER_APPICON_NAME = AppIcon;
				ASSETCATALOG_COMPILER_GLOBAL_ACCENT_COLOR_NAME = AccentColor;
				CODE_SIGN_STYLE = Automatic;
				CURRENT_PROJECT_VERSION = 1;
				DEVELOPMENT_ASSET_PATHS = "\"PostDemo/Preview Content\"";
				ENABLE_PREVIEWS = YES;
				GENERATE_INFOPLIST_FILE = YES;
				INFOPLIST_KEY_UIApplicationSceneManifest_Generation = YES;
				INFOPLIST_KEY_UIApplicationSupportsIndirectInputEvents = YES;
				INFOPLIST_KEY_UILaunchScreen_Generation = YES;
				INFOPLIST_KEY_UISupportedInterfaceOrientations_iPad = "UIInterfaceOrientationPortrait UIInterfaceOrientationPortraitUpsideDown";
				INFOPLIST_KEY_UISupportedInterfaceOrientations_iPhone = UIInterfaceOrientationPortrait;
				LD_RUNPATH_SEARCH_PATHS = (
					"$(inherited)",
					"@executable_path/Frameworks",
				);
				MARKETING_VERSION = 1.0;
				PRODUCT_BUNDLE_IDENTIFIER = chuan.PostDemo;
				PRODUCT_NAME = "$(TARGET_NAME)";
				SWIFT_EMIT_LOC_STRINGS = YES;
				SWIFT_VERSION = 5.0;
				TARGETED_DEVICE_FAMILY = "1,2";
			};
			name = Release;
		};
/* End XCBuildConfiguration section */

/* Begin XCConfigurationList section */
		6271D6BF2BD2EF5000FF7576 /* Build configuration list for PBXProject "PostDemo" */ = {
			isa = XCConfigurationList;
			buildConfigurations = (
				6271D6D02BD2EF5100FF7576 /* Debug */,
				6271D6D12BD2EF5100FF7576 /* Release */,
			);
			defaultConfigurationIsVisible = 0;
			defaultConfigurationName = Release;
		};
		6271D6D22BD2EF5100FF7576 /* Build configuration list for PBXNativeTarget "PostDemo" */ = {
			isa = XCConfigurationList;
			buildConfigurations = (
				6271D6D32BD2EF5100FF7576 /* Debug */,
				6271D6D42BD2EF5100FF7576 /* Release */,
			);
			defaultConfigurationIsVisible = 0;
			defaultConfigurationName = Release;
		};
/* End XCConfigurationList section */

/* Begin XCRemoteSwiftPackageReference section */
		62A3631D2BDB3A280067966E /* XCRemoteSwiftPackageReference "BBSwiftUIKit" */ = {
			isa = XCRemoteSwiftPackageReference;
			repositoryURL = "https://github.com/Silence-GitHub/BBSwiftUIKit.git";
			requirement = {
				kind = upToNextMajorVersion;
				minimumVersion = 0.1.0;
			};
		};
		62A363222BDC63D10067966E /* XCRemoteSwiftPackageReference "Alamofire" */ = {
			isa = XCRemoteSwiftPackageReference;
			repositoryURL = "https://github.com/Alamofire/Alamofire.git";
			requirement = {
				kind = upToNextMajorVersion;
				minimumVersion = 5.9.1;
			};
		};
/* End XCRemoteSwiftPackageReference section */

/* Begin XCSwiftPackageProductDependency section */
		62A3631E2BDB3A280067966E /* BBSwiftUIKit */ = {
			isa = XCSwiftPackageProductDependency;
			package = 62A3631D2BDB3A280067966E /* XCRemoteSwiftPackageReference "BBSwiftUIKit" */;
			productName = BBSwiftUIKit;
		};
		62A363232BDC63D10067966E /* Alamofire */ = {
			isa = XCSwiftPackageProductDependency;
			package = 62A363222BDC63D10067966E /* XCRemoteSwiftPackageReference "Alamofire" */;
			productName = Alamofire;
		};
		62A363252BDC63D10067966E /* AlamofireDynamic */ = {
			isa = XCSwiftPackageProductDependency;
			package = 62A363222BDC63D10067966E /* XCRemoteSwiftPackageReference "Alamofire" */;
			productName = AlamofireDynamic;
		};
/* End XCSwiftPackageProductDependency section */
	};
	rootObject = 6271D6BC2BD2EF5000FF7576 /* Project object */;
}
