{
  "originHash" : "e810354b9d9fd9ae89bd6b14a8d42b9f0d7bee3f4289a0f35b237719e3bab823",
  "pins" : [
    {
      "identity" : "alamofire",
      "kind" : "remoteSourceControl",
      "location" : "https://github.com/Alamofire/Alamofire.git",
      "state" : {
        "revision" : "f455c2975872ccd2d9c81594c658af65716e9b9a",
        "version" : "5.9.1"
      }
    },
    {
      "identity" : "bbswiftuikit",
      "kind" : "remoteSourceControl",
      "location" : "https://github.com/Silence-GitHub/BBSwiftUIKit.git",
      "state" : {
        "revision" : "e8a6b187f587d4b44771a51a8c27af14d210ff8f",
        "version" : "0.1.0"
      }
    }
  ],
  "version" : 3
}
